// !$*UTF8*$!
{
	archiveVersion = 1;
	classes = {
	};
	objectVersion = 46;
	objects = {

/* Begin PBXBuildFile section */
		222C181F1D8DDFEA00EE81F9 /* AppDelegate.swift in Sources */ = {isa = PBXBuildFile; fileRef = 222C181E1D8DDFEA00EE81F9 /* AppDelegate.swift */; };
		222C18211D8DDFEA00EE81F9 /* ViewController.swift in Sources */ = {isa = PBXBuildFile; fileRef = 222C18201D8DDFEA00EE81F9 /* ViewController.swift */; };
		222C18241D8DDFEA00EE81F9 /* Main.storyboard in Resources */ = {isa = PBXBuildFile; fileRef = 222C18221D8DDFEA00EE81F9 /* Main.storyboard */; };
		222C18261D8DDFEA00EE81F9 /* Assets.xcassets in Resources */ = {isa = PBXBuildFile; fileRef = 222C18251D8DDFEA00EE81F9 /* Assets.xcassets */; };
		222C18291D8DDFEA00EE81F9 /* LaunchScreen.storyboard in Resources */ = {isa = PBXBuildFile; fileRef = 222C18271D8DDFEA00EE81F9 /* LaunchScreen.storyboard */; };
		222C18321D8F1EA600EE81F9 /* FBSDKCoreKit.framework in Frameworks */ = {isa = PBXBuildFile; fileRef = 222C18311D8F1EA600EE81F9 /* FBSDKCoreKit.framework */; };
		222C18361D8F1EB500EE81F9 /* FBSDKShareKit.framework in Frameworks */ = {isa = PBXBuildFile; fileRef = 222C18351D8F1EB500EE81F9 /* FBSDKShareKit.framework */; };
		222C18371D8F207100EE81F9 /* FBSDKLoginKit.framework in Frameworks */ = {isa = PBXBuildFile; fileRef = 222C18331D8F1EAF00EE81F9 /* FBSDKLoginKit.framework */; };
		222C18391D8F243900EE81F9 /* Bolts.framework in Frameworks */ = {isa = PBXBuildFile; fileRef = 222C18381D8F243900EE81F9 /* Bolts.framework */; };
/* End PBXBuildFile section */

/* Begin PBXFileReference section */
		222C181B1D8DDFEA00EE81F9 /* EFOS Volunteer.app */ = {isa = PBXFileReference; explicitFileType = wrapper.application; includeInIndex = 0; path = "EFOS Volunteer.app"; sourceTree = BUILT_PRODUCTS_DIR; };
		222C181E1D8DDFEA00EE81F9 /* AppDelegate.swift */ = {isa = PBXFileReference; lastKnownFileType = sourcecode.swift; path = AppDelegate.swift; sourceTree = "<group>"; };
		222C18201D8DDFEA00EE81F9 /* ViewController.swift */ = {isa = PBXFileReference; lastKnownFileType = sourcecode.swift; path = ViewController.swift; sourceTree = "<group>"; };
		222C18231D8DDFEA00EE81F9 /* Base */ = {isa = PBXFileReference; lastKnownFileType = file.storyboard; name = Base; path = Base.lproj/Main.storyboard; sourceTree = "<group>"; };
		222C18251D8DDFEA00EE81F9 /* Assets.xcassets */ = {isa = PBXFileReference; lastKnownFileType = folder.assetcatalog; path = Assets.xcassets; sourceTree = "<group>"; };
		222C18281D8DDFEA00EE81F9 /* Base */ = {isa = PBXFileReference; lastKnownFileType = file.storyboard; name = Base; path = Base.lproj/LaunchScreen.storyboard; sourceTree = "<group>"; };
		222C182A1D8DDFEA00EE81F9 /* Info.plist */ = {isa = PBXFileReference; lastKnownFileType = text.plist.xml; path = Info.plist; sourceTree = "<group>"; };
		222C18311D8F1EA600EE81F9 /* FBSDKCoreKit.framework */ = {isa = PBXFileReference; lastKnownFileType = wrapper.framework; path = FBSDKCoreKit.framework; sourceTree = "<group>"; };
		222C18331D8F1EAF00EE81F9 /* FBSDKLoginKit.framework */ = {isa = PBXFileReference; lastKnownFileType = wrapper.framework; path = FBSDKLoginKit.framework; sourceTree = "<group>"; };
		222C18351D8F1EB500EE81F9 /* FBSDKShareKit.framework */ = {isa = PBXFileReference; lastKnownFileType = wrapper.framework; path = FBSDKShareKit.framework; sourceTree = "<group>"; };
		222C18381D8F243900EE81F9 /* Bolts.framework */ = {isa = PBXFileReference; lastKnownFileType = wrapper.framework; path = Bolts.framework; sourceTree = "<group>"; };
/* End PBXFileReference section */

/* Begin PBXFrameworksBuildPhase section */
		222C18181D8DDFEA00EE81F9 /* Frameworks */ = {
			isa = PBXFrameworksBuildPhase;
			buildActionMask = 2147483647;
			files = (
				222C18321D8F1EA600EE81F9 /* FBSDKCoreKit.framework in Frameworks */,
				222C18361D8F1EB500EE81F9 /* FBSDKShareKit.framework in Frameworks */,
				222C18371D8F207100EE81F9 /* FBSDKLoginKit.framework in Frameworks */,
				222C18391D8F243900EE81F9 /* Bolts.framework in Frameworks */,
			);
			runOnlyForDeploymentPostprocessing = 0;
		};
/* End PBXFrameworksBuildPhase section */

/* Begin PBXGroup section */
		222C18121D8DDFEA00EE81F9 = {
			isa = PBXGroup;
			children = (
				222C181D1D8DDFEA00EE81F9 /* EFOS Volunteer */,
				222C181C1D8DDFEA00EE81F9 /* Products */,
			);
			sourceTree = "<group>";
		};
		222C181C1D8DDFEA00EE81F9 /* Products */ = {
			isa = PBXGroup;
			children = (
				222C181B1D8DDFEA00EE81F9 /* EFOS Volunteer.app */,
			);
			name = Products;
			sourceTree = "<group>";
		};
		222C181D1D8DDFEA00EE81F9 /* EFOS Volunteer */ = {
			isa = PBXGroup;
			children = (
				222C18301D8F1E7D00EE81F9 /* Frameworks */,
				222C181E1D8DDFEA00EE81F9 /* AppDelegate.swift */,
				222C18201D8DDFEA00EE81F9 /* ViewController.swift */,
				222C18221D8DDFEA00EE81F9 /* Main.storyboard */,
				222C18251D8DDFEA00EE81F9 /* Assets.xcassets */,
				222C18271D8DDFEA00EE81F9 /* LaunchScreen.storyboard */,
				222C182A1D8DDFEA00EE81F9 /* Info.plist */,
			);
			path = "EFOS Volunteer";
			sourceTree = "<group>";
		};
		222C18301D8F1E7D00EE81F9 /* Frameworks */ = {
			isa = PBXGroup;
			children = (
				222C18381D8F243900EE81F9 /* Bolts.framework */,
				222C18351D8F1EB500EE81F9 /* FBSDKShareKit.framework */,
				222C18331D8F1EAF00EE81F9 /* FBSDKLoginKit.framework */,
				222C18311D8F1EA600EE81F9 /* FBSDKCoreKit.framework */,
			);
			name = Frameworks;
			sourceTree = "<group>";
		};
/* End PBXGroup section */

/* Begin PBXNativeTarget section */
		222C181A1D8DDFEA00EE81F9 /* EFOS Volunteer */ = {
			isa = PBXNativeTarget;
			buildConfigurationList = 222C182D1D8DDFEA00EE81F9 /* Build configuration list for PBXNativeTarget "EFOS Volunteer" */;
			buildPhases = (
				222C18171D8DDFEA00EE81F9 /* Sources */,
				222C18181D8DDFEA00EE81F9 /* Frameworks */,
				222C18191D8DDFEA00EE81F9 /* Resources */,
			);
			buildRules = (
			);
			dependencies = (
			);
			name = "EFOS Volunteer";
			productName = "EFOS Volunteer";
			productReference = 222C181B1D8DDFEA00EE81F9 /* EFOS Volunteer.app */;
			productType = "com.apple.product-type.application";
		};
/* End PBXNativeTarget section */

/* Begin PBXProject section */
		222C18131D8DDFEA00EE81F9 /* Project object */ = {
			isa = PBXProject;
			attributes = {
				LastSwiftUpdateCheck = 0800;
				LastUpgradeCheck = 0800;
				TargetAttributes = {
					222C181A1D8DDFEA00EE81F9 = {
						CreatedOnToolsVersion = 8.0;
						DevelopmentTeam = 7AN2C295R9;
						ProvisioningStyle = Automatic;
					};
				};
			};
			buildConfigurationList = 222C18161D8DDFEA00EE81F9 /* Build configuration list for PBXProject "EFOS Volunteer" */;
			compatibilityVersion = "Xcode 3.2";
			developmentRegion = English;
			hasScannedForEncodings = 0;
			knownRegions = (
				en,
				Base,
			);
			mainGroup = 222C18121D8DDFEA00EE81F9;
			productRefGroup = 222C181C1D8DDFEA00EE81F9 /* Products */;
			projectDirPath = "";
			projectRoot = "";
			targets = (
				222C181A1D8DDFEA00EE81F9 /* EFOS Volunteer */,
			);
		};
/* End PBXProject section */

/* Begin PBXResourcesBuildPhase section */
		222C18191D8DDFEA00EE81F9 /* Resources */ = {
			isa = PBXResourcesBuildPhase;
			buildActionMask = 2147483647;
			files = (
				222C18291D8DDFEA00EE81F9 /* LaunchScreen.storyboard in Resources */,
				222C18261D8DDFEA00EE81F9 /* Assets.xcassets in Resources */,
				222C18241D8DDFEA00EE81F9 /* Main.storyboard in Resources */,
			);
			runOnlyForDeploymentPostprocessing = 0;
		};
/* End PBXResourcesBuildPhase section */

/* Begin PBXSourcesBuildPhase section */
		222C18171D8DDFEA00EE81F9 /* Sources */ = {
			isa = PBXSourcesBuildPhase;
			buildActionMask = 2147483647;
			files = (
				222C18211D8DDFEA00EE81F9 /* ViewController.swift in Sources */,
				222C181F1D8DDFEA00EE81F9 /* AppDelegate.swift in Sources */,
			);
			runOnlyForDeploymentPostprocessing = 0;
		};
/* End PBXSourcesBuildPhase section */

/* Begin PBXVariantGroup section */
		222C18221D8DDFEA00EE81F9 /* Main.storyboard */ = {
			isa = PBXVariantGroup;
			children = (
				222C18231D8DDFEA00EE81F9 /* Base */,
			);
			name = Main.storyboard;
			sourceTree = "<group>";
		};
		222C18271D8DDFEA00EE81F9 /* LaunchScreen.storyboard */ = {
			isa = PBXVariantGroup;
			children = (
				222C18281D8DDFEA00EE81F9 /* Base */,
			);
			name = LaunchScreen.storyboard;
			sourceTree = "<group>";
		};
/* End PBXVariantGroup section */

/* Begin XCBuildConfiguration section */
		222C182B1D8DDFEA00EE81F9 /* Debug */ = {
			isa = XCBuildConfiguration;
			buildSettings = {
				ALWAYS_SEARCH_USER_PATHS = NO;
				CLANG_ANALYZER_NONNULL = YES;
				CLANG_CXX_LANGUAGE_STANDARD = "gnu++0x";
				CLANG_CXX_LIBRARY = "libc++";
				CLANG_ENABLE_MODULES = YES;
				CLANG_ENABLE_OBJC_ARC = YES;
				CLANG_WARN_BOOL_CONVERSION = YES;
				CLANG_WARN_CONSTANT_CONVERSION = YES;
				CLANG_WARN_DIRECT_OBJC_ISA_USAGE = YES_ERROR;
				CLANG_WARN_DOCUMENTATION_COMMENTS = YES;
				CLANG_WARN_EMPTY_BODY = YES;
				CLANG_WARN_ENUM_CONVERSION = YES;
				CLANG_WARN_INFINITE_RECURSION = YES;
				CLANG_WARN_INT_CONVERSION = YES;
				CLANG_WARN_OBJC_ROOT_CLASS = YES_ERROR;
				CLANG_WARN_SUSPICIOUS_MOVES = YES;
				CLANG_WARN_UNREACHABLE_CODE = YES;
				CLANG_WARN__DUPLICATE_METHOD_MATCH = YES;
				"CODE_SIGN_IDENTITY[sdk=iphoneos*]" = "iPhone Developer";
				COPY_PHASE_STRIP = NO;
				DEBUG_INFORMATION_FORMAT = dwarf;
				ENABLE_STRICT_OBJC_MSGSEND = YES;
				ENABLE_TESTABILITY = YES;
				GCC_C_LANGUAGE_STANDARD = gnu99;
				GCC_DYNAMIC_NO_PIC = NO;
				GCC_NO_COMMON_BLOCKS = YES;
				GCC_OPTIMIZATION_LEVEL = 0;
				GCC_PREPROCESSOR_DEFINITIONS = (
					"DEBUG=1",
					"$(inherited)",
				);
				GCC_WARN_64_TO_32_BIT_CONVERSION = YES;
				GCC_WARN_ABOUT_RETURN_TYPE = YES_ERROR;
				GCC_WARN_UNDECLARED_SELECTOR = YES;
				GCC_WARN_UNINITIALIZED_AUTOS = YES_AGGRESSIVE;
				GCC_WARN_UNUSED_FUNCTION = YES;
				GCC_WARN_UNUSED_VARIABLE = YES;
				IPHONEOS_DEPLOYMENT_TARGET = 10.0;
				MTL_ENABLE_DEBUG_INFO = YES;
				ONLY_ACTIVE_ARCH = YES;
				SDKROOT = iphoneos;
				SWIFT_ACTIVE_COMPILATION_CONDITIONS = DEBUG;
				SWIFT_OPTIMIZATION_LEVEL = "-Onone";
			};
			name = Debug;
		};
		222C182C1D8DDFEA00EE81F9 /* Release */ = {
			isa = XCBuildConfiguration;
			buildSettings = {
				ALWAYS_SEARCH_USER_PATHS = NO;
				CLANG_ANALYZER_NONNULL = YES;
				CLANG_CXX_LANGUAGE_STANDARD = "gnu++0x";
				CLANG_CXX_LIBRARY = "libc++";
				CLANG_ENABLE_MODULES = YES;
				CLANG_ENABLE_OBJC_ARC = YES;
				CLANG_WARN_BOOL_CONVERSION = YES;
				CLANG_WARN_CONSTANT_CONVERSION = YES;
				CLANG_WARN_DIRECT_OBJC_ISA_USAGE = YES_ERROR;
				CLANG_WARN_DOCUMENTATION_COMMENTS = YES;
				CLANG_WARN_EMPTY_BODY = YES;
				CLANG_WARN_ENUM_CONVERSION = YES;
				CLANG_WARN_INFINITE_RECURSION = YES;
				CLANG_WARN_INT_CONVERSION = YES;
				CLANG_WARN_OBJC_ROOT_CLASS = YES_ERROR;
				CLANG_WARN_SUSPICIOUS_MOVES = YES;
				CLANG_WARN_UNREACHABLE_CODE = YES;
				CLANG_WARN__DUPLICATE_METHOD_MATCH = YES;
				"CODE_SIGN_IDENTITY[sdk=iphoneos*]" = "iPhone Developer";
				COPY_PHASE_STRIP = NO;
				DEBUG_INFORMATION_FORMAT = "dwarf-with-dsym";
				ENABLE_NS_ASSERTIONS = NO;
				ENABLE_STRICT_OBJC_MSGSEND = YES;
				GCC_C_LANGUAGE_STANDARD = gnu99;
				GCC_NO_COMMON_BLOCKS = YES;
				GCC_WARN_64_TO_32_BIT_CONVERSION = YES;
				GCC_WARN_ABOUT_RETURN_TYPE = YES_ERROR;
				GCC_WARN_UNDECLARED_SELECTOR = YES;
				GCC_WARN_UNINITIALIZED_AUTOS = YES_AGGRESSIVE;
				GCC_WARN_UNUSED_FUNCTION = YES;
				GCC_WARN_UNUSED_VARIABLE = YES;
				IPHONEOS_DEPLOYMENT_TARGET = 10.0;
				MTL_ENABLE_DEBUG_INFO = NO;
				SDKROOT = iphoneos;
				SWIFT_OPTIMIZATION_LEVEL = "-Owholemodule";
				VALIDATE_PRODUCT = YES;
			};
			name = Release;
		};
		222C182E1D8DDFEA00EE81F9 /* Debug */ = {
			isa = XCBuildConfiguration;
			buildSettings = {
				ASSETCATALOG_COMPILER_APPICON_NAME = AppIcon;
				DEVELOPMENT_TEAM = 7AN2C295R9;
				FRAMEWORK_SEARCH_PATHS = (
					"$(inherited)",
					"$(PROJECT_DIR)/EFOS\\ Volunteer",
					"$(PROJECT_DIR)/EFOS\\ Volunteer",
					"$(PROJECT_DIR)/EFOS\\ Volunteer",
					"$(PROJECT_DIR)/EFOS\\ Volunteer",
					"$(PROJECT_DIR)/EFOS\\ Volunteer",
				);
				INFOPLIST_FILE = "EFOS Volunteer/Info.plist";
				LD_RUNPATH_SEARCH_PATHS = "$(inherited) @executable_path/Frameworks";
				PRODUCT_BUNDLE_IDENTIFIER = "org.eastsidefriendsofseniors.EFOS-Volunteer";
				PRODUCT_NAME = "$(TARGET_NAME)";
				SWIFT_VERSION = 3.0;
			};
			name = Debug;
		};
		222C182F1D8DDFEA00EE81F9 /* Release */ = {
			isa = XCBuildConfiguration;
			buildSettings = {
				ASSETCATALOG_COMPILER_APPICON_NAME = AppIcon;
				DEVELOPMENT_TEAM = 7AN2C295R9;
				FRAMEWORK_SEARCH_PATHS = (
					"$(inherited)",
					"$(PROJECT_DIR)/EFOS\\ Volunteer",
					"$(PROJECT_DIR)/EFOS\\ Volunteer",
					"$(PROJECT_DIR)/EFOS\\ Volunteer",
					"$(PROJECT_DIR)/EFOS\\ Volunteer",
					"$(PROJECT_DIR)/EFOS\\ Volunteer",
				);
				INFOPLIST_FILE = "EFOS Volunteer/Info.plist";
				LD_RUNPATH_SEARCH_PATHS = "$(inherited) @executable_path/Frameworks";
				PRODUCT_BUNDLE_IDENTIFIER = "org.eastsidefriendsofseniors.EFOS-Volunteer";
				PRODUCT_NAME = "$(TARGET_NAME)";
				SWIFT_VERSION = 3.0;
			};
			name = Release;
		};
/* End XCBuildConfiguration section */

/* Begin XCConfigurationList section */
		222C18161D8DDFEA00EE81F9 /* Build configuration list for PBXProject "EFOS Volunteer" */ = {
			isa = XCConfigurationList;
			buildConfigurations = (
				222C182B1D8DDFEA00EE81F9 /* Debug */,
				222C182C1D8DDFEA00EE81F9 /* Release */,
			);
			defaultConfigurationIsVisible = 0;
			defaultConfigurationName = Release;
		};
		222C182D1D8DDFEA00EE81F9 /* Build configuration list for PBXNativeTarget "EFOS Volunteer" */ = {
			isa = XCConfigurationList;
			buildConfigurations = (
				222C182E1D8DDFEA00EE81F9 /* Debug */,
				222C182F1D8DDFEA00EE81F9 /* Release */,
			);
			defaultConfigurationIsVisible = 0;
		};
/* End XCConfigurationList section */
	};
	rootObject = 222C18131D8DDFEA00EE81F9 /* Project object */;
}
